// !$*UTF8*$!
{
	archiveVersion = 1;
	classes = {
	};
	objectVersion = 51;
	objects = {

/* Begin PBXBuildFile section */
		C9C62D14268D13500093103C /* FirebaseAuthCustomUIApp.swift in Sources */ = {isa = PBXBuildFile; fileRef = C9C62D13268D13500093103C /* FirebaseAuthCustomUIApp.swift */; };
		C9C62D16268D13500093103C /* ContentView.swift in Sources */ = {isa = PBXBuildFile; fileRef = C9C62D15268D13500093103C /* ContentView.swift */; };
		C9C62D18268D13540093103C /* Assets.xcassets in Resources */ = {isa = PBXBuildFile; fileRef = C9C62D17268D13540093103C /* Assets.xcassets */; };
		C9C62D1B268D13540093103C /* Preview Assets.xcassets in Resources */ = {isa = PBXBuildFile; fileRef = C9C62D1A268D13540093103C /* Preview Assets.xcassets */; };
		C9C62D24268D176E0093103C /* LaunchView.swift in Sources */ = {isa = PBXBuildFile; fileRef = C9C62D23268D176E0093103C /* LaunchView.swift */; };
		C9C62D26268D184A0093103C /* LoginForm.swift in Sources */ = {isa = PBXBuildFile; fileRef = C9C62D25268D184A0093103C /* LoginForm.swift */; };
		C9C62D2C268D29710093103C /* CreateForm.swift in Sources */ = {isa = PBXBuildFile; fileRef = C9C62D2B268D29710093103C /* CreateForm.swift */; };
		C9F29A87268E2EB5004D02F9 /* GoogleService-Info.plist in Resources */ = {isa = PBXBuildFile; fileRef = C9F29A86268E2EB4004D02F9 /* GoogleService-Info.plist */; };
		FAA30EB01B98B026F27FC936 /* Pods_FirebaseAuthCustomUI.framework in Frameworks */ = {isa = PBXBuildFile; fileRef = 8D81076908E044D69AFA1531 /* Pods_FirebaseAuthCustomUI.framework */; };
/* End PBXBuildFile section */

/* Begin PBXFileReference section */
		8D81076908E044D69AFA1531 /* Pods_FirebaseAuthCustomUI.framework */ = {isa = PBXFileReference; explicitFileType = wrapper.framework; includeInIndex = 0; path = Pods_FirebaseAuthCustomUI.framework; sourceTree = BUILT_PRODUCTS_DIR; };
		9F9D06B519C5F8BF488F6182 /* Pods-FirebaseAuthCustomUI.debug.xcconfig */ = {isa = PBXFileReference; includeInIndex = 1; lastKnownFileType = text.xcconfig; name = "Pods-FirebaseAuthCustomUI.debug.xcconfig"; path = "Target Support Files/Pods-FirebaseAuthCustomUI/Pods-FirebaseAuthCustomUI.debug.xcconfig"; sourceTree = "<group>"; };
		C9C62D10268D13500093103C /* FirebaseAuthCustomUI.app */ = {isa = PBXFileReference; explicitFileType = wrapper.application; includeInIndex = 0; path = FirebaseAuthCustomUI.app; sourceTree = BUILT_PRODUCTS_DIR; };
		C9C62D13268D13500093103C /* FirebaseAuthCustomUIApp.swift */ = {isa = PBXFileReference; lastKnownFileType = sourcecode.swift; path = FirebaseAuthCustomUIApp.swift; sourceTree = "<group>"; };
		C9C62D15268D13500093103C /* ContentView.swift */ = {isa = PBXFileReference; lastKnownFileType = sourcecode.swift; path = ContentView.swift; sourceTree = "<group>"; };
		C9C62D17268D13540093103C /* Assets.xcassets */ = {isa = PBXFileReference; lastKnownFileType = folder.assetcatalog; path = Assets.xcassets; sourceTree = "<group>"; };
		C9C62D1A268D13540093103C /* Preview Assets.xcassets */ = {isa = PBXFileReference; lastKnownFileType = folder.assetcatalog; path = "Preview Assets.xcassets"; sourceTree = "<group>"; };
		C9C62D1C268D13540093103C /* Info.plist */ = {isa = PBXFileReference; lastKnownFileType = text.plist.xml; path = Info.plist; sourceTree = "<group>"; };
		C9C62D23268D176E0093103C /* LaunchView.swift */ = {isa = PBXFileReference; lastKnownFileType = sourcecode.swift; path = LaunchView.swift; sourceTree = "<group>"; };
		C9C62D25268D184A0093103C /* LoginForm.swift */ = {isa = PBXFileReference; lastKnownFileType = sourcecode.swift; path = LoginForm.swift; sourceTree = "<group>"; };
		C9C62D2B268D29710093103C /* CreateForm.swift */ = {isa = PBXFileReference; fileEncoding = 4; lastKnownFileType = sourcecode.swift; path = CreateForm.swift; sourceTree = "<group>"; };
		C9F29A86268E2EB4004D02F9 /* GoogleService-Info.plist */ = {isa = PBXFileReference; fileEncoding = 4; lastKnownFileType = text.plist.xml; path = "GoogleService-Info.plist"; sourceTree = "<group>"; };
		F2880638E1A0685B863A3520 /* Pods-FirebaseAuthCustomUI.release.xcconfig */ = {isa = PBXFileReference; includeInIndex = 1; lastKnownFileType = text.xcconfig; name = "Pods-FirebaseAuthCustomUI.release.xcconfig"; path = "Target Support Files/Pods-FirebaseAuthCustomUI/Pods-FirebaseAuthCustomUI.release.xcconfig"; sourceTree = "<group>"; };
/* End PBXFileReference section */

/* Begin PBXFrameworksBuildPhase section */
		C9C62D0D268D13500093103C /* Frameworks */ = {
			isa = PBXFrameworksBuildPhase;
			buildActionMask = 2147483647;
			files = (
				FAA30EB01B98B026F27FC936 /* Pods_FirebaseAuthCustomUI.framework in Frameworks */,
			);
			runOnlyForDeploymentPostprocessing = 0;
		};
/* End PBXFrameworksBuildPhase section */

/* Begin PBXGroup section */
		697048957A2D25CDFCD0B611 /* Pods */ = {
			isa = PBXGroup;
			children = (
				9F9D06B519C5F8BF488F6182 /* Pods-FirebaseAuthCustomUI.debug.xcconfig */,
				F2880638E1A0685B863A3520 /* Pods-FirebaseAuthCustomUI.release.xcconfig */,
			);
			path = Pods;
			sourceTree = "<group>";
		};
		8DD6F9AE162FF8A6E7A1FE3E /* Frameworks */ = {
			isa = PBXGroup;
			children = (
				8D81076908E044D69AFA1531 /* Pods_FirebaseAuthCustomUI.framework */,
			);
			name = Frameworks;
			sourceTree = "<group>";
		};
		C9C62D07268D13500093103C = {
			isa = PBXGroup;
			children = (
				C9C62D12268D13500093103C /* FirebaseAuthCustomUI */,
				C9C62D11268D13500093103C /* Products */,
				697048957A2D25CDFCD0B611 /* Pods */,
				8DD6F9AE162FF8A6E7A1FE3E /* Frameworks */,
			);
			sourceTree = "<group>";
		};
		C9C62D11268D13500093103C /* Products */ = {
			isa = PBXGroup;
			children = (
				C9C62D10268D13500093103C /* FirebaseAuthCustomUI.app */,
			);
			name = Products;
			sourceTree = "<group>";
		};
		C9C62D12268D13500093103C /* FirebaseAuthCustomUI */ = {
			isa = PBXGroup;
			children = (
				C9C62D13268D13500093103C /* FirebaseAuthCustomUIApp.swift */,
				C9C62D22268D17500093103C /* Views */,
				C9C62D17268D13540093103C /* Assets.xcassets */,
				C9C62D1C268D13540093103C /* Info.plist */,
				C9F29A86268E2EB4004D02F9 /* GoogleService-Info.plist */,
				C9C62D19268D13540093103C /* Preview Content */,
			);
			path = FirebaseAuthCustomUI;
			sourceTree = "<group>";
		};
		C9C62D19268D13540093103C /* Preview Content */ = {
			isa = PBXGroup;
			children = (
				C9C62D1A268D13540093103C /* Preview Assets.xcassets */,
			);
			path = "Preview Content";
			sourceTree = "<group>";
		};
		C9C62D22268D17500093103C /* Views */ = {
			isa = PBXGroup;
			children = (
				C9C62D15268D13500093103C /* ContentView.swift */,
				C9C62D23268D176E0093103C /* LaunchView.swift */,
				C9C62D25268D184A0093103C /* LoginForm.swift */,
				C9C62D2B268D29710093103C /* CreateForm.swift */,
			);
			path = Views;
			sourceTree = "<group>";
		};
/* End PBXGroup section */

/* Begin PBXNativeTarget section */
		C9C62D0F268D13500093103C /* FirebaseAuthCustomUI */ = {
			isa = PBXNativeTarget;
			buildConfigurationList = C9C62D1F268D13540093103C /* Build configuration list for PBXNativeTarget "FirebaseAuthCustomUI" */;
			buildPhases = (
				63A156C2EA59D36059F33978 /* [CP] Check Pods Manifest.lock */,
				C9C62D0C268D13500093103C /* Sources */,
				C9C62D0D268D13500093103C /* Frameworks */,
				C9C62D0E268D13500093103C /* Resources */,
				346F643D47B4163D892ACEAE /* [CP] Embed Pods Frameworks */,
			);
			buildRules = (
			);
			dependencies = (
			);
			name = FirebaseAuthCustomUI;
			productName = FirebaseAuthCustomUI;
			productReference = C9C62D10268D13500093103C /* FirebaseAuthCustomUI.app */;
			productType = "com.apple.product-type.application";
		};
/* End PBXNativeTarget section */

/* Begin PBXProject section */
		C9C62D08268D13500093103C /* Project object */ = {
			isa = PBXProject;
			attributes = {
				LastSwiftUpdateCheck = 1250;
				LastUpgradeCheck = 1250;
				TargetAttributes = {
					C9C62D0F268D13500093103C = {
						CreatedOnToolsVersion = 12.5;
					};
				};
			};
			buildConfigurationList = C9C62D0B268D13500093103C /* Build configuration list for PBXProject "FirebaseAuthCustomUI" */;
			compatibilityVersion = "Xcode 9.3";
			developmentRegion = en;
			hasScannedForEncodings = 0;
			knownRegions = (
				en,
				Base,
			);
			mainGroup = C9C62D07268D13500093103C;
			productRefGroup = C9C62D11268D13500093103C /* Products */;
			projectDirPath = "";
			projectRoot = "";
			targets = (
				C9C62D0F268D13500093103C /* FirebaseAuthCustomUI */,
			);
		};
/* End PBXProject section */

/* Begin PBXResourcesBuildPhase section */
		C9C62D0E268D13500093103C /* Resources */ = {
			isa = PBXResourcesBuildPhase;
			buildActionMask = 2147483647;
			files = (
				C9C62D1B268D13540093103C /* Preview Assets.xcassets in Resources */,
				C9C62D18268D13540093103C /* Assets.xcassets in Resources */,
				C9F29A87268E2EB5004D02F9 /* GoogleService-Info.plist in Resources */,
			);
			runOnlyForDeploymentPostprocessing = 0;
		};
/* End PBXResourcesBuildPhase section */

/* Begin PBXShellScriptBuildPhase section */
		346F643D47B4163D892ACEAE /* [CP] Embed Pods Frameworks */ = {
			isa = PBXShellScriptBuildPhase;
			buildActionMask = 2147483647;
			files = (
			);
			inputFileListPaths = (
				"${PODS_ROOT}/Target Support Files/Pods-FirebaseAuthCustomUI/Pods-FirebaseAuthCustomUI-frameworks-${CONFIGURATION}-input-files.xcfilelist",
			);
			name = "[CP] Embed Pods Frameworks";
			outputFileListPaths = (
				"${PODS_ROOT}/Target Support Files/Pods-FirebaseAuthCustomUI/Pods-FirebaseAuthCustomUI-frameworks-${CONFIGURATION}-output-files.xcfilelist",
			);
			runOnlyForDeploymentPostprocessing = 0;
			shellPath = /bin/sh;
			shellScript = "\"${PODS_ROOT}/Target Support Files/Pods-FirebaseAuthCustomUI/Pods-FirebaseAuthCustomUI-frameworks.sh\"\n";
			showEnvVarsInLog = 0;
		};
		63A156C2EA59D36059F33978 /* [CP] Check Pods Manifest.lock */ = {
			isa = PBXShellScriptBuildPhase;
			buildActionMask = 2147483647;
			files = (
			);
			inputFileListPaths = (
			);
			inputPaths = (
				"${PODS_PODFILE_DIR_PATH}/Podfile.lock",
				"${PODS_ROOT}/Manifest.lock",
			);
			name = "[CP] Check Pods Manifest.lock";
			outputFileListPaths = (
			);
			outputPaths = (
				"$(DERIVED_FILE_DIR)/Pods-FirebaseAuthCustomUI-checkManifestLockResult.txt",
			);
			runOnlyForDeploymentPostprocessing = 0;
			shellPath = /bin/sh;
			shellScript = "diff \"${PODS_PODFILE_DIR_PATH}/Podfile.lock\" \"${PODS_ROOT}/Manifest.lock\" > /dev/null\nif [ $? != 0 ] ; then\n    # print error to STDERR\n    echo \"error: The sandbox is not in sync with the Podfile.lock. Run 'pod install' or update your CocoaPods installation.\" >&2\n    exit 1\nfi\n# This output is used by Xcode 'outputs' to avoid re-running this script phase.\necho \"SUCCESS\" > \"${SCRIPT_OUTPUT_FILE_0}\"\n";
			showEnvVarsInLog = 0;
		};
/* End PBXShellScriptBuildPhase section */

/* Begin PBXSourcesBuildPhase section */
		C9C62D0C268D13500093103C /* Sources */ = {
			isa = PBXSourcesBuildPhase;
			buildActionMask = 2147483647;
			files = (
				C9C62D16268D13500093103C /* ContentView.swift in Sources */,
				C9C62D24268D176E0093103C /* LaunchView.swift in Sources */,
				C9C62D2C268D29710093103C /* CreateForm.swift in Sources */,
				C9C62D14268D13500093103C /* FirebaseAuthCustomUIApp.swift in Sources */,
				C9C62D26268D184A0093103C /* LoginForm.swift in Sources */,
			);
			runOnlyForDeploymentPostprocessing = 0;
		};
/* End PBXSourcesBuildPhase section */

/* Begin XCBuildConfiguration section */
		C9C62D1D268D13540093103C /* Debug */ = {
			isa = XCBuildConfiguration;
			buildSettings = {
				ALWAYS_SEARCH_USER_PATHS = NO;
				CLANG_ANALYZER_NONNULL = YES;
				CLANG_ANALYZER_NUMBER_OBJECT_CONVERSION = YES_AGGRESSIVE;
				CLANG_CXX_LANGUAGE_STANDARD = "gnu++14";
				CLANG_CXX_LIBRARY = "libc++";
				CLANG_ENABLE_MODULES = YES;
				CLANG_ENABLE_OBJC_ARC = YES;
				CLANG_ENABLE_OBJC_WEAK = YES;
				CLANG_WARN_BLOCK_CAPTURE_AUTORELEASING = YES;
				CLANG_WARN_BOOL_CONVERSION = YES;
				CLANG_WARN_COMMA = YES;
				CLANG_WARN_CONSTANT_CONVERSION = YES;
				CLANG_WARN_DEPRECATED_OBJC_IMPLEMENTATIONS = YES;
				CLANG_WARN_DIRECT_OBJC_ISA_USAGE = YES_ERROR;
				CLANG_WARN_DOCUMENTATION_COMMENTS = YES;
				CLANG_WARN_EMPTY_BODY = YES;
				CLANG_WARN_ENUM_CONVERSION = YES;
				CLANG_WARN_INFINITE_RECURSION = YES;
				CLANG_WARN_INT_CONVERSION = YES;
				CLANG_WARN_NON_LITERAL_NULL_CONVERSION = YES;
				CLANG_WARN_OBJC_IMPLICIT_RETAIN_SELF = YES;
				CLANG_WARN_OBJC_LITERAL_CONVERSION = YES;
				CLANG_WARN_OBJC_ROOT_CLASS = YES_ERROR;
				CLANG_WARN_QUOTED_INCLUDE_IN_FRAMEWORK_HEADER = YES;
				CLANG_WARN_RANGE_LOOP_ANALYSIS = YES;
				CLANG_WARN_STRICT_PROTOTYPES = YES;
				CLANG_WARN_SUSPICIOUS_MOVE = YES;
				CLANG_WARN_UNGUARDED_AVAILABILITY = YES_AGGRESSIVE;
				CLANG_WARN_UNREACHABLE_CODE = YES;
				CLANG_WARN__DUPLICATE_METHOD_MATCH = YES;
				COPY_PHASE_STRIP = NO;
				DEBUG_INFORMATION_FORMAT = dwarf;
				ENABLE_STRICT_OBJC_MSGSEND = YES;
				ENABLE_TESTABILITY = YES;
				GCC_C_LANGUAGE_STANDARD = gnu11;
				GCC_DYNAMIC_NO_PIC = NO;
				GCC_NO_COMMON_BLOCKS = YES;
				GCC_OPTIMIZATION_LEVEL = 0;
				GCC_PREPROCESSOR_DEFINITIONS = (
					"DEBUG=1",
					"$(inherited)",
				);
				GCC_WARN_64_TO_32_BIT_CONVERSION = YES;
				GCC_WARN_ABOUT_RETURN_TYPE = YES_ERROR;
				GCC_WARN_UNDECLARED_SELECTOR = YES;
				GCC_WARN_UNINITIALIZED_AUTOS = YES_AGGRESSIVE;
				GCC_WARN_UNUSED_FUNCTION = YES;
				GCC_WARN_UNUSED_VARIABLE = YES;
				IPHONEOS_DEPLOYMENT_TARGET = 14.5;
				MTL_ENABLE_DEBUG_INFO = INCLUDE_SOURCE;
				MTL_FAST_MATH = YES;
				ONLY_ACTIVE_ARCH = YES;
				SDKROOT = iphoneos;
				SWIFT_ACTIVE_COMPILATION_CONDITIONS = DEBUG;
				SWIFT_OPTIMIZATION_LEVEL = "-Onone";
			};
			name = Debug;
		};
		C9C62D1E268D13540093103C /* Release */ = {
			isa = XCBuildConfiguration;
			buildSettings = {
				ALWAYS_SEARCH_USER_PATHS = NO;
				CLANG_ANALYZER_NONNULL = YES;
				CLANG_ANALYZER_NUMBER_OBJECT_CONVERSION = YES_AGGRESSIVE;
				CLANG_CXX_LANGUAGE_STANDARD = "gnu++14";
				CLANG_CXX_LIBRARY = "libc++";
				CLANG_ENABLE_MODULES = YES;
				CLANG_ENABLE_OBJC_ARC = YES;
				CLANG_ENABLE_OBJC_WEAK = YES;
				CLANG_WARN_BLOCK_CAPTURE_AUTORELEASING = YES;
				CLANG_WARN_BOOL_CONVERSION = YES;
				CLANG_WARN_COMMA = YES;
				CLANG_WARN_CONSTANT_CONVERSION = YES;
				CLANG_WARN_DEPRECATED_OBJC_IMPLEMENTATIONS = YES;
				CLANG_WARN_DIRECT_OBJC_ISA_USAGE = YES_ERROR;
				CLANG_WARN_DOCUMENTATION_COMMENTS = YES;
				CLANG_WARN_EMPTY_BODY = YES;
				CLANG_WARN_ENUM_CONVERSION = YES;
				CLANG_WARN_INFINITE_RECURSION = YES;
				CLANG_WARN_INT_CONVERSION = YES;
				CLANG_WARN_NON_LITERAL_NULL_CONVERSION = YES;
				CLANG_WARN_OBJC_IMPLICIT_RETAIN_SELF = YES;
				CLANG_WARN_OBJC_LITERAL_CONVERSION = YES;
				CLANG_WARN_OBJC_ROOT_CLASS = YES_ERROR;
				CLANG_WARN_QUOTED_INCLUDE_IN_FRAMEWORK_HEADER = YES;
				CLANG_WARN_RANGE_LOOP_ANALYSIS = YES;
				CLANG_WARN_STRICT_PROTOTYPES = YES;
				CLANG_WARN_SUSPICIOUS_MOVE = YES;
				CLANG_WARN_UNGUARDED_AVAILABILITY = YES_AGGRESSIVE;
				CLANG_WARN_UNREACHABLE_CODE = YES;
				CLANG_WARN__DUPLICATE_METHOD_MATCH = YES;
				COPY_PHASE_STRIP = NO;
				DEBUG_INFORMATION_FORMAT = "dwarf-with-dsym";
				ENABLE_NS_ASSERTIONS = NO;
				ENABLE_STRICT_OBJC_MSGSEND = YES;
				GCC_C_LANGUAGE_STANDARD = gnu11;
				GCC_NO_COMMON_BLOCKS = YES;
				GCC_WARN_64_TO_32_BIT_CONVERSION = YES;
				GCC_WARN_ABOUT_RETURN_TYPE = YES_ERROR;
				GCC_WARN_UNDECLARED_SELECTOR = YES;
				GCC_WARN_UNINITIALIZED_AUTOS = YES_AGGRESSIVE;
				GCC_WARN_UNUSED_FUNCTION = YES;
				GCC_WARN_UNUSED_VARIABLE = YES;
				IPHONEOS_DEPLOYMENT_TARGET = 14.5;
				MTL_ENABLE_DEBUG_INFO = NO;
				MTL_FAST_MATH = YES;
				SDKROOT = iphoneos;
				SWIFT_COMPILATION_MODE = wholemodule;
				SWIFT_OPTIMIZATION_LEVEL = "-O";
				VALIDATE_PRODUCT = YES;
			};
			name = Release;
		};
		C9C62D20268D13540093103C /* Debug */ = {
			isa = XCBuildConfiguration;
			baseConfigurationReference = 9F9D06B519C5F8BF488F6182 /* Pods-FirebaseAuthCustomUI.debug.xcconfig */;
			buildSettings = {
				ASSETCATALOG_COMPILER_APPICON_NAME = AppIcon;
				ASSETCATALOG_COMPILER_GLOBAL_ACCENT_COLOR_NAME = AccentColor;
				CODE_SIGN_STYLE = Automatic;
				DEVELOPMENT_ASSET_PATHS = "\"FirebaseAuthCustomUI/Preview Content\"";
				ENABLE_PREVIEWS = YES;
				INFOPLIST_FILE = FirebaseAuthCustomUI/Info.plist;
				IPHONEOS_DEPLOYMENT_TARGET = 14.0;
				LD_RUNPATH_SEARCH_PATHS = (
					"$(inherited)",
					"@executable_path/Frameworks",
				);
				PRODUCT_BUNDLE_IDENTIFIER = com.darrick.FirebaseAuthCustomUI;
				PRODUCT_NAME = "$(TARGET_NAME)";
				SWIFT_VERSION = 5.0;
				TARGETED_DEVICE_FAMILY = "1,2";
			};
			name = Debug;
		};
		C9C62D21268D13540093103C /* Release */ = {
			isa = XCBuildConfiguration;
			baseConfigurationReference = F2880638E1A0685B863A3520 /* Pods-FirebaseAuthCustomUI.release.xcconfig */;
			buildSettings = {
				ASSETCATALOG_COMPILER_APPICON_NAME = AppIcon;
				ASSETCATALOG_COMPILER_GLOBAL_ACCENT_COLOR_NAME = AccentColor;
				CODE_SIGN_STYLE = Automatic;
				DEVELOPMENT_ASSET_PATHS = "\"FirebaseAuthCustomUI/Preview Content\"";
				ENABLE_PREVIEWS = YES;
				INFOPLIST_FILE = FirebaseAuthCustomUI/Info.plist;
				IPHONEOS_DEPLOYMENT_TARGET = 14.0;
				LD_RUNPATH_SEARCH_PATHS = (
					"$(inherited)",
					"@executable_path/Frameworks",
				);
				PRODUCT_BUNDLE_IDENTIFIER = com.darrick.FirebaseAuthCustomUI;
				PRODUCT_NAME = "$(TARGET_NAME)";
				SWIFT_VERSION = 5.0;
				TARGETED_DEVICE_FAMILY = "1,2";
			};
			name = Release;
		};
/* End XCBuildConfiguration section */

/* Begin XCConfigurationList section */
		C9C62D0B268D13500093103C /* Build configuration list for PBXProject "FirebaseAuthCustomUI" */ = {
			isa = XCConfigurationList;
			buildConfigurations = (
				C9C62D1D268D13540093103C /* Debug */,
				C9C62D1E268D13540093103C /* Release */,
			);
			defaultConfigurationIsVisible = 0;
			defaultConfigurationName = Release;
		};
		C9C62D1F268D13540093103C /* Build configuration list for PBXNativeTarget "FirebaseAuthCustomUI" */ = {
			isa = XCConfigurationList;
			buildConfigurations = (
				C9C62D20268D13540093103C /* Debug */,
				C9C62D21268D13540093103C /* Release */,
			);
			defaultConfigurationIsVisible = 0;
			defaultConfigurationName = Release;
		};
/* End XCConfigurationList section */
	};
	rootObject = C9C62D08268D13500093103C /* Project object */;
}
